
Microsoft Visual Studio Solution File, Format Version 12.00
# Visual Studio Version 17
VisualStudioVersion = 17.7.34024.191
MinimumVisualStudioVersion = 10.0.40219.1
Project("{FAE04EC0-301F-11D3-BF4B-00C04F79EFBC}") = "BankExercise", "BankExercise\BankExercise.csproj", "{3A35101D-E275-4B50-9FC6-2F5324231776}"
EndProject
Global
	GlobalSection(SolutionConfigurationPlatforms) = preSolution
		Debug|Any CPU = Debug|Any CPU
		Release|Any CPU = Release|Any CPU
	EndGlobalSection
	GlobalSection(ProjectConfigurationPlatforms) = postSolution
		{3A35101D-E275-4B50-9FC6-2F5324231776}.Debug|Any CPU.ActiveCfg = Debug|Any CPU
		{3A35101D-E275-4B50-9FC6-2F5324231776}.Debug|Any CPU.Build.0 = Debug|Any CPU
		{3A35101D-E275-4B50-9FC6-2F5324231776}.Release|Any CPU.ActiveCfg = Release|Any CPU
		{3A35101D-E275-4B50-9FC6-2F5324231776}.Release|Any CPU.Build.0 = Release|Any CPU
	EndGlobalSection
	GlobalSection(SolutionProperties) = preSolution
		HideSolutionNode = FALSE
	EndGlobalSection
	GlobalSection(ExtensibilityGlobals) = postSolution
		SolutionGuid = {D42C978A-8317-4D5E-91AF-9A51E718579E}
	EndGlobalSection
EndGlobal
